
Microsoft Visual Studio Solution File, Format Version 12.00
# Visual Studio Version 17
VisualStudioVersion = 17.1.32421.90
MinimumVisualStudioVersion = 10.0.40219.1
Project("{9A19103F-16F7-4668-BE54-9A1E7A4F7556}") = "InnovatricsDemo", "InnovatricsDemo\InnovatricsDemo.csproj", "{217E0A7F-C589-42A1-87D9-FFE3E4D73F1C}"
EndProject
Project("{9A19103F-16F7-4668-BE54-9A1E7A4F7556}") = "SmartfaceClient", "SmartfaceClient\SmartfaceClient.csproj", "{22AB73DC-6F22-4C4D-83BC-F1A2E69DBC1F}"
EndProject
Project("{9A19103F-16F7-4668-BE54-9A1E7A4F7556}") = "Core", "Core\Core.csproj", "{55711511-D109-4AD2-85E6-71B1B52CFAAB}"
EndProject
Global
	GlobalSection(SolutionConfigurationPlatforms) = preSolution
		Debug|Any CPU = Debug|Any CPU
		Release|Any CPU = Release|Any CPU
	EndGlobalSection
	GlobalSection(ProjectConfigurationPlatforms) = postSolution
		{217E0A7F-C589-42A1-87D9-FFE3E4D73F1C}.Debug|Any CPU.ActiveCfg = Debug|Any CPU
		{217E0A7F-C589-42A1-87D9-FFE3E4D73F1C}.Debug|Any CPU.Build.0 = Debug|Any CPU
		{217E0A7F-C589-42A1-87D9-FFE3E4D73F1C}.Release|Any CPU.ActiveCfg = Release|Any CPU
		{217E0A7F-C589-42A1-87D9-FFE3E4D73F1C}.Release|Any CPU.Build.0 = Release|Any CPU
		{22AB73DC-6F22-4C4D-83BC-F1A2E69DBC1F}.Debug|Any CPU.ActiveCfg = Debug|Any CPU
		{22AB73DC-6F22-4C4D-83BC-F1A2E69DBC1F}.Debug|Any CPU.Build.0 = Debug|Any CPU
		{22AB73DC-6F22-4C4D-83BC-F1A2E69DBC1F}.Release|Any CPU.ActiveCfg = Release|Any CPU
		{22AB73DC-6F22-4C4D-83BC-F1A2E69DBC1F}.Release|Any CPU.Build.0 = Release|Any CPU
		{55711511-D109-4AD2-85E6-71B1B52CFAAB}.Debug|Any CPU.ActiveCfg = Debug|Any CPU
		{55711511-D109-4AD2-85E6-71B1B52CFAAB}.Debug|Any CPU.Build.0 = Debug|Any CPU
		{55711511-D109-4AD2-85E6-71B1B52CFAAB}.Release|Any CPU.ActiveCfg = Release|Any CPU
		{55711511-D109-4AD2-85E6-71B1B52CFAAB}.Release|Any CPU.Build.0 = Release|Any CPU
	EndGlobalSection
	GlobalSection(SolutionProperties) = preSolution
		HideSolutionNode = FALSE
	EndGlobalSection
	GlobalSection(ExtensibilityGlobals) = postSolution
		SolutionGuid = {7C94CCFA-A6FC-4C3B-AB78-4D4778693307}
	EndGlobalSection
EndGlobal
